
Microsoft Visual Studio Solution File, Format Version 12.00
# Visual Studio Version 17
VisualStudioVersion = 17.6.33723.286
MinimumVisualStudioVersion = 10.0.40219.1
Project("{FAE04EC0-301F-11D3-BF4B-00C04F79EFBC}") = "LeetCode", "LeetCode\LeetCode.csproj", "{460D4B05-9D10-4A1F-8877-10FBC544EA2C}"
EndProject
Global
	GlobalSection(SolutionConfigurationPlatforms) = preSolution
		Debug|Any CPU = Debug|Any CPU
		Release|Any CPU = Release|Any CPU
	EndGlobalSection
	GlobalSection(ProjectConfigurationPlatforms) = postSolution
		{460D4B05-9D10-4A1F-8877-10FBC544EA2C}.Debug|Any CPU.ActiveCfg = Debug|Any CPU
		{460D4B05-9D10-4A1F-8877-10FBC544EA2C}.Debug|Any CPU.Build.0 = Debug|Any CPU
		{460D4B05-9D10-4A1F-8877-10FBC544EA2C}.Release|Any CPU.ActiveCfg = Release|Any CPU
		{460D4B05-9D10-4A1F-8877-10FBC544EA2C}.Release|Any CPU.Build.0 = Release|Any CPU
	EndGlobalSection
	GlobalSection(SolutionProperties) = preSolution
		HideSolutionNode = FALSE
	EndGlobalSection
	GlobalSection(ExtensibilityGlobals) = postSolution
		SolutionGuid = {43170121-D4A8-4214-A385-40EF45DBC527}
	EndGlobalSection
EndGlobal
